
Microsoft Visual Studio Solution File, Format Version 12.00
# Visual Studio Version 17
VisualStudioVersion = 17.0.31903.59
MinimumVisualStudioVersion = 10.0.40219.1
Project("{FAE04EC0-301F-11D3-BF4B-00C04F79EFBC}") = "GuideLinesForHospital", "GuideLinesForHospital\GuideLinesForHospital.csproj", "{0BDABE63-5467-4FD1-AED1-8AD169AC2206}"
EndProject
Global
	GlobalSection(SolutionConfigurationPlatforms) = preSolution
		Debug|Any CPU = Debug|Any CPU
		Release|Any CPU = Release|Any CPU
	EndGlobalSection
	GlobalSection(ProjectConfigurationPlatforms) = postSolution
		{0BDABE63-5467-4FD1-AED1-8AD169AC2206}.Debug|Any CPU.ActiveCfg = Debug|Any CPU
		{0BDABE63-5467-4FD1-AED1-8AD169AC2206}.Debug|Any CPU.Build.0 = Debug|Any CPU
		{0BDABE63-5467-4FD1-AED1-8AD169AC2206}.Release|Any CPU.ActiveCfg = Release|Any CPU
		{0BDABE63-5467-4FD1-AED1-8AD169AC2206}.Release|Any CPU.Build.0 = Release|Any CPU
	EndGlobalSection
	GlobalSection(SolutionProperties) = preSolution
		HideSolutionNode = FALSE
	EndGlobalSection
	GlobalSection(ExtensibilityGlobals) = postSolution
		SolutionGuid = {63B69F9D-CAA3-4ACB-A1E5-A96889D111E5}
	EndGlobalSection
EndGlobal
